{"1.2.0",
[{<<"accept">>,{pkg,<<"accept">>,<<"0.3.5">>},2},
 {<<"bear">>,{pkg,<<"bear">>,<<"0.9.0">>},2},
 {<<"bender_client">>,
  {git,"https://github.com/rbkmoney/bender_client_erlang.git",
       {ref,"69024efc38167c515d1dc7b7c2bb52262ffe7d0d"}},
  0},
 {<<"bender_proto">>,
  {git,"https://github.com/rbkmoney/bender-proto.git",
       {ref,"dfe271b09a2b8e457f50e4732b905a0b846bf529"}},
  0},
 {<<"cache">>,{pkg,<<"cache">>,<<"2.3.3">>},1},
 {<<"certifi">>,{pkg,<<"certifi">>,<<"2.6.1">>},1},
 {<<"cg_mon">>,
  {git,"https://github.com/rbkmoney/cg_mon.git",
       {ref,"5a87a37694e42b6592d3b4164ae54e0e87e24e18"}},
  1},
 {<<"cowboy">>,{pkg,<<"cowboy">>,<<"2.8.0">>},0},
 {<<"cowboy_access_log">>,
  {git,"https://github.com/rbkmoney/cowboy_access_log.git",
       {ref,"c058ad42cd11c6503feb398fb8587c2f72155a60"}},
  0},
 {<<"cowboy_cors">>,
  {git,"https://github.com/rbkmoney/cowboy_cors.git",
       {ref,"5a3b084fb8c5a4ff58e3c915a822d709d6023c3b"}},
  0},
 {<<"cowboy_draining_server">>,
  {git,"https://github.com/rbkmoney/cowboy_draining_server.git",
       {ref,"186cf4d0722d4ad79afe73d371df6b1371e51905"}},
  0},
 {<<"cowlib">>,{pkg,<<"cowlib">>,<<"2.9.1">>},1},
 {<<"damsel">>,
  {git,"https://github.com/rbkmoney/damsel.git",
       {ref,"c6c5feabd6408ce24393bd63636a46c7c23f0949"}},
  0},
 {<<"dmt_client">>,
  {git,"https://github.com/rbkmoney/dmt_client.git",
       {ref,"9e11f50e9c4db32fe46d6f8a2429ca060a3acd57"}},
  0},
 {<<"dmt_core">>,
  {git,"https://github.com/rbkmoney/dmt_core.git",
       {ref,"5a0ff399dee3fd606bb864dd0e27ddde539345e2"}},
  1},
 {<<"email_validator">>,{pkg,<<"email_validator">>,<<"1.1.0">>},0},
 {<<"erl_health">>,
  {git,"https://github.com/rbkmoney/erlang-health.git",
       {ref,"982af88738ca062eea451436d830eef8c1fbe3f9"}},
  0},
 {<<"file_storage_proto">>,
  {git,"https://github.com/rbkmoney/file-storage-proto.git",
       {ref,"d1055d3e09463d4c959042b38931c113326c88f2"}},
  0},
 {<<"fistful_proto">>,
  {git,"https://github.com/rbkmoney/fistful-proto.git",
       {ref,"914c9986d45635f93569d896f515a0b3e93ea913"}},
  0},
 {<<"fistful_reporter_proto">>,
  {git,"https://github.com/rbkmoney/fistful-reporter-proto.git",
       {ref,"3a2155ca864e81979af6eb3211a465eb1e59aa46"}},
  0},
 {<<"folsom">>,
  {git,"https://github.com/folsom-project/folsom.git",
       {ref,"62fd0714e6f0b4e7833880afe371a9c882ea0fc2"}},
  1},
 {<<"genlib">>,
  {git,"https://github.com/rbkmoney/genlib.git",
       {ref,"4565a8d73f34a0b78cca32c9cd2b97d298bdadf8"}},
  0},
 {<<"gproc">>,{pkg,<<"gproc">>,<<"0.8.0">>},1},
 {<<"gun">>,
  {git,"https://github.com/ninenines/gun.git",
       {ref,"e7dd9f227e46979d8073e71c683395a809b78cb4"}},
  1},
 {<<"hackney">>,{pkg,<<"hackney">>,<<"1.17.0">>},0},
 {<<"how_are_you">>,
  {git,"https://github.com/rbkmoney/how_are_you.git",
       {ref,"2fd8013420328464c2c84302af2781b86577b39f"}},
  0},
 {<<"identdocstore_proto">>,
  {git,"https://github.com/rbkmoney/identdocstore-proto.git",
       {ref,"89a4cda0c7bc45528c6df54b76a97fb0fd82754f"}},
  0},
 {<<"idna">>,{pkg,<<"idna">>,<<"6.1.1">>},1},
 {<<"jesse">>,
  {git,"https://github.com/rbkmoney/jesse.git",
       {ref,"9b980b7f9ce09b6a136fe5a23d404d1b903f3061"}},
  0},
 {<<"jose">>,{pkg,<<"jose">>,<<"1.11.1">>},0},
 {<<"jsx">>,{pkg,<<"jsx">>,<<"3.0.0">>},0},
 {<<"lechiffre">>,
  {git,"https://github.com/rbkmoney/lechiffre.git",
       {ref,"7915b7650abc80535d8c183642c5a409c942edf0"}},
  0},
 {<<"metrics">>,{pkg,<<"metrics">>,<<"1.0.1">>},1},
 {<<"mimerl">>,{pkg,<<"mimerl">>,<<"1.2.0">>},1},
 {<<"msgpack_proto">>,
  {git,"https://github.com/rbkmoney/msgpack-proto.git",
       {ref,"ec15d5e854ea60c58467373077d90c2faf6273d8"}},
  1},
 {<<"parse_trans">>,
  {git,"https://github.com/uwiger/parse_trans.git",
       {ref,"8ba366f81789c913cd63d69c6d1da948c200d18a"}},
  0},
 {<<"prometheus">>,{pkg,<<"prometheus">>,<<"4.6.0">>},0},
 {<<"prometheus_cowboy">>,{pkg,<<"prometheus_cowboy">>,<<"0.1.8">>},0},
 {<<"prometheus_httpd">>,{pkg,<<"prometheus_httpd">>,<<"2.1.11">>},1},
 {<<"quickrand">>,
  {git,"https://github.com/okeuday/quickrand.git",
       {ref,"c80077162f32c10002219f70e0afadb71e05f88c"}},
  1},
 {<<"ranch">>,{pkg,<<"ranch">>,<<"1.7.1">>},1},
 {<<"scoper">>,
  {git,"https://github.com/rbkmoney/scoper.git",
       {ref,"89a973bf3cedc5a48c9fd89d719d25e79fe10027"}},
  0},
 {<<"snowflake">>,
  {git,"https://github.com/rbkmoney/snowflake.git",
       {ref,"de159486ef40cec67074afe71882bdc7f7deab72"}},
  1},
 {<<"ssl_verify_fun">>,{pkg,<<"ssl_verify_fun">>,<<"1.1.6">>},1},
 {<<"thrift">>,
  {git,"https://github.com/rbkmoney/thrift_erlang.git",
       {ref,"846a0819d9b6d09d0c31f160e33a78dbad2067b4"}},
  0},
 {<<"uac">>,
  {git,"https://github.com/rbkmoney/erlang_uac.git",
       {ref,"02ab22aa336844be1a242391ac4f968e680217a4"}},
  0},
 {<<"unicode_util_compat">>,{pkg,<<"unicode_util_compat">>,<<"0.7.0">>},1},
 {<<"uuid">>,
  {git,"https://github.com/okeuday/uuid.git",
       {ref,"9312cc158a94c76e40c82ca45fd5056fb191c889"}},
  0},
 {<<"woody">>,
  {git,"https://github.com/rbkmoney/woody_erlang.git",
       {ref,"f2cd30883d58eb1c3ab2172556956f757bc27e23"}},
  0}]}.
[
{pkg_hash,[
 {<<"accept">>, <<"B33B127ABCA7CC948BBE6CAA4C263369ABF1347CFA9D8E699C6D214660F10CD1">>},
 {<<"bear">>, <<"A31CCF5361791DD5E708F4789D67E2FEF496C4F05935FC59ADC11622F834D128">>},
 {<<"cache">>, <<"B23A5FE7095445A88412A6E614C933377E0137B44FFED77C9B3FEF1A731A20B2">>},
 {<<"certifi">>, <<"DBAB8E5E155A0763EEA978C913CA280A6B544BFA115633FA20249C3D396D9493">>},
 {<<"cowboy">>, <<"F3DC62E35797ECD9AC1B50DB74611193C29815401E53BAC9A5C0577BD7BC667D">>},
 {<<"cowlib">>, <<"61A6C7C50CF07FDD24B2F45B89500BB93B6686579B069A89F88CB211E1125C78">>},
 {<<"email_validator">>, <<"7E09A862E9AA99AE2CA6FD2A718D2B94360E32940A1339B53DFEE6B774BCDB03">>},
 {<<"gproc">>, <<"CEA02C578589C61E5341FCE149EA36CCEF236CC2ECAC8691FBA408E7EA77EC2F">>},
 {<<"hackney">>, <<"717EA195FD2F898D9FE9F1CE0AFCC2621A41ECFE137FAE57E7FE6E9484B9AA99">>},
 {<<"idna">>, <<"8A63070E9F7D0C62EB9D9FCB360A7DE382448200FBBD1B106CC96D3D8099DF8D">>},
 {<<"jose">>, <<"59DA64010C69AAD6CDE2F5B9248B896B84472E99BD18F246085B7B9FE435DCDB">>},
 {<<"jsx">>, <<"20A170ABD4335FC6DB24D5FAD1E5D677C55DADF83D1B20A8A33B5FE159892A39">>},
 {<<"metrics">>, <<"25F094DEA2CDA98213CECC3AEFF09E940299D950904393B2A29D191C346A8486">>},
 {<<"mimerl">>, <<"67E2D3F571088D5CFD3E550C383094B47159F3EEE8FFA08E64106CDF5E981BE3">>},
 {<<"prometheus">>, <<"20510F381DB1CCAB818B4CF2FAC5FA6AB5CC91BC364A154399901C001465F46F">>},
 {<<"prometheus_cowboy">>, <<"CFCE0BC7B668C5096639084FCD873826E6220EA714BF60A716F5BD080EF2A99C">>},
 {<<"prometheus_httpd">>, <<"F616ED9B85B536B195D94104063025A91F904A4CFC20255363F49A197D96C896">>},
 {<<"ranch">>, <<"6B1FAB51B49196860B733A49C07604465A47BDB78AA10C1C16A3D199F7F8C881">>},
 {<<"ssl_verify_fun">>, <<"CF344F5692C82D2CD7554F5EC8FD961548D4FD09E7D22F5B62482E5AEAEBD4B0">>},
 {<<"unicode_util_compat">>, <<"BC84380C9AB48177092F43AC89E4DFA2C6D62B40B8BD132B1059ECC7232F9A78">>}]},
{pkg_hash_ext,[
 {<<"accept">>, <<"11B18C220BCC2EAB63B5470C038EF10EB6783BCB1FCDB11AA4137DEFA5AC1BB8">>},
 {<<"bear">>, <<"47F71F098F2E3CD05E124A896C5EC2F155967A2B6FF6731E0D627312CCAB7E28">>},
 {<<"cache">>, <<"44516CE6FA03594D3A2AF025DD3A87BFE711000EB730219E1DDEFC816E0AA2F4">>},
 {<<"certifi">>, <<"524C97B4991B3849DD5C17A631223896272C6B0AF446778BA4675A1DFF53BB7E">>},
 {<<"cowboy">>, <<"4643E4FBA74AC96D4D152C75803DE6FAD0B3FA5DF354C71AFDD6CBEEB15FAC8A">>},
 {<<"cowlib">>, <<"E4175DC240A70D996156160891E1C62238EDE1729E45740BDD38064DAD476170">>},
 {<<"email_validator">>, <<"2B1E6DF7BB14155C8D7D131F1C95CF4676200BC056EEBA82123396833FF94DA2">>},
 {<<"gproc">>, <<"580ADAFA56463B75263EF5A5DF4C86AF321F68694E7786CB057FD805D1E2A7DE">>},
 {<<"hackney">>, <<"64C22225F1EA8855F584720C0E5B3CD14095703AF1C9FBC845BA042811DC671C">>},
 {<<"idna">>, <<"92376EB7894412ED19AC475E4A86F7B413C1B9FBB5BD16DCCD57934157944CEA">>},
 {<<"jose">>, <<"078F6C9FB3CD2F4CFAFC972C814261A7D1E8D2B3685C0A76EB87E158EFFF1AC5">>},
 {<<"jsx">>, <<"37BECA0435F5CA8A2F45F76A46211E76418FBEF80C36F0361C249FC75059DC6D">>},
 {<<"metrics">>, <<"69B09ADDDC4F74A40716AE54D140F93BEB0FB8978D8636EADED0C31B6F099F16">>},
 {<<"mimerl">>, <<"F278585650AA581986264638EBF698F8BB19DF297F66AD91B18910DFC6E19323">>},
 {<<"prometheus">>, <<"4905FD2992F8038ECCD7AA0CD22F40637ED618C0BED1F75C05AACEC15B7545DE">>},
 {<<"prometheus_cowboy">>, <<"BA286BECA9302618418892D37BCD5DC669A6CC001F4EB6D6AF85FF81F3F4F34C">>},
 {<<"prometheus_httpd">>, <<"0BBE831452CFDF9588538EB2F570B26F30C348ADAE5E95A7D87F35A5910BCF92">>},
 {<<"ranch">>, <<"451D8527787DF716D99DC36162FCA05934915DB0B6141BBDAC2EA8D3C7AFC7D7">>},
 {<<"ssl_verify_fun">>, <<"BDB0D2471F453C88FF3908E7686F86F9BE327D065CC1EC16FA4540197EA04680">>},
 {<<"unicode_util_compat">>, <<"25EEE6D67DF61960CF6A794239566599B09E17E668D3700247BC498638152521">>}]}
].
